
Microsoft Visual Studio Solution File, Format Version 12.00
# Visual Studio Version 17
VisualStudioVersion = 17.3.32819.101
MinimumVisualStudioVersion = 10.0.40219.1
Project("{FAE04EC0-301F-11D3-BF4B-00C04F79EFBC}") = "MyKelontongKuApp", "MyKelontongKuApp\MyKelontongKuApp.csproj", "{FC806D00-1F4D-49F2-A387-CC2FC39D8774}"
EndProject
Global
	GlobalSection(SolutionConfigurationPlatforms) = preSolution
		Debug|Any CPU = Debug|Any CPU
		Release|Any CPU = Release|Any CPU
	EndGlobalSection
	GlobalSection(ProjectConfigurationPlatforms) = postSolution
		{FC806D00-1F4D-49F2-A387-CC2FC39D8774}.Debug|Any CPU.ActiveCfg = Debug|Any CPU
		{FC806D00-1F4D-49F2-A387-CC2FC39D8774}.Debug|Any CPU.Build.0 = Debug|Any CPU
		{FC806D00-1F4D-49F2-A387-CC2FC39D8774}.Release|Any CPU.ActiveCfg = Release|Any CPU
		{FC806D00-1F4D-49F2-A387-CC2FC39D8774}.Release|Any CPU.Build.0 = Release|Any CPU
	EndGlobalSection
	GlobalSection(SolutionProperties) = preSolution
		HideSolutionNode = FALSE
	EndGlobalSection
	GlobalSection(ExtensibilityGlobals) = postSolution
		SolutionGuid = {02521A09-F162-4EDD-AF6E-10C16DF3C8E3}
	EndGlobalSection
EndGlobal
